
Microsoft Visual Studio Solution File, Format Version 12.00
# Visual Studio Version 16
VisualStudioVersion = 16.0.32002.261
MinimumVisualStudioVersion = 10.0.40219.1
Project("{FAE04EC0-301F-11D3-BF4B-00C04F79EFBC}") = "RealTimeCharts_Server", "RealTimeCharts_Server\RealTimeCharts_Server.csproj", "{4D4315C7-5653-4C5C-807F-CA178D75DEE3}"
EndProject
Global
	GlobalSection(SolutionConfigurationPlatforms) = preSolution
		Debug|Any CPU = Debug|Any CPU
		Release|Any CPU = Release|Any CPU
	EndGlobalSection
	GlobalSection(ProjectConfigurationPlatforms) = postSolution
		{4D4315C7-5653-4C5C-807F-CA178D75DEE3}.Debug|Any CPU.ActiveCfg = Debug|Any CPU
		{4D4315C7-5653-4C5C-807F-CA178D75DEE3}.Debug|Any CPU.Build.0 = Debug|Any CPU
		{4D4315C7-5653-4C5C-807F-CA178D75DEE3}.Release|Any CPU.ActiveCfg = Release|Any CPU
		{4D4315C7-5653-4C5C-807F-CA178D75DEE3}.Release|Any CPU.Build.0 = Release|Any CPU
	EndGlobalSection
	GlobalSection(SolutionProperties) = preSolution
		HideSolutionNode = FALSE
	EndGlobalSection
	GlobalSection(ExtensibilityGlobals) = postSolution
		SolutionGuid = {1F356DC4-245B-4E41-AAF6-3785D31FA100}
	EndGlobalSection
EndGlobal
